
Microsoft Visual Studio Solution File, Format Version 12.00
# Visual Studio Version 16
VisualStudioVersion = 16.0.30611.23
MinimumVisualStudioVersion = 10.0.40219.1
Project("{FAE04EC0-301F-11D3-BF4B-00C04F79EFBC}") = "Projekt2v3", "Projekt2v3\Projekt2v3.csproj", "{FE6DECD9-3362-41BD-B32B-D465088F25B2}"
EndProject
Global
	GlobalSection(SolutionConfigurationPlatforms) = preSolution
		Debug|Any CPU = Debug|Any CPU
		Release|Any CPU = Release|Any CPU
	EndGlobalSection
	GlobalSection(ProjectConfigurationPlatforms) = postSolution
		{FE6DECD9-3362-41BD-B32B-D465088F25B2}.Debug|Any CPU.ActiveCfg = Debug|Any CPU
		{FE6DECD9-3362-41BD-B32B-D465088F25B2}.Debug|Any CPU.Build.0 = Debug|Any CPU
		{FE6DECD9-3362-41BD-B32B-D465088F25B2}.Release|Any CPU.ActiveCfg = Release|Any CPU
		{FE6DECD9-3362-41BD-B32B-D465088F25B2}.Release|Any CPU.Build.0 = Release|Any CPU
	EndGlobalSection
	GlobalSection(SolutionProperties) = preSolution
		HideSolutionNode = FALSE
	EndGlobalSection
	GlobalSection(ExtensibilityGlobals) = postSolution
		SolutionGuid = {B3C2CCF2-C6A7-4581-A4CA-D7217C0D5ABC}
	EndGlobalSection
EndGlobal
